
Microsoft Visual Studio Solution File, Format Version 12.00
# Visual Studio Version 16
VisualStudioVersion = 16.0.32413.511
MinimumVisualStudioVersion = 10.0.40219.1
Project("{FAE04EC0-301F-11D3-BF4B-00C04F79EFBC}") = "ordem_crescente", "ordem_crescente.csproj", "{368EEA3F-302F-4F7F-9072-AC1AEF666C9D}"
EndProject
Global
	GlobalSection(SolutionConfigurationPlatforms) = preSolution
		Debug|Any CPU = Debug|Any CPU
		Release|Any CPU = Release|Any CPU
	EndGlobalSection
	GlobalSection(ProjectConfigurationPlatforms) = postSolution
		{368EEA3F-302F-4F7F-9072-AC1AEF666C9D}.Debug|Any CPU.ActiveCfg = Debug|Any CPU
		{368EEA3F-302F-4F7F-9072-AC1AEF666C9D}.Debug|Any CPU.Build.0 = Debug|Any CPU
		{368EEA3F-302F-4F7F-9072-AC1AEF666C9D}.Release|Any CPU.ActiveCfg = Release|Any CPU
		{368EEA3F-302F-4F7F-9072-AC1AEF666C9D}.Release|Any CPU.Build.0 = Release|Any CPU
	EndGlobalSection
	GlobalSection(SolutionProperties) = preSolution
		HideSolutionNode = FALSE
	EndGlobalSection
	GlobalSection(ExtensibilityGlobals) = postSolution
		SolutionGuid = {BF7B35A8-0F0B-4B11-B7F2-EBCC0C47E2E3}
	EndGlobalSection
EndGlobal
